<?xml version="1.0" encoding="utf-8"?>
<Project ToolsVersion="17.0" xmlns="http://schemas.microsoft.com/developer/msbuild/2003">
  <ItemGroup>
    <ClCompile Include="D:\pamm\src\execution_driver.cpp">
      <Filter>Source Files</Filter>
    </ClCompile>
    <ClCompile Include="D:\pamm\src\execution_node.cpp">
      <Filter>Source Files</Filter>
    </ClCompile>
    <ClCompile Include="D:\pamm\src\expression_compiler\postfix_compiler.cpp">
      <Filter>Source Files</Filter>
    </ClCompile>
    <ClCompile Include="D:\pamm\src\expression_compiler\program_compiler.cpp">
      <Filter>Source Files</Filter>
    </ClCompile>
    <ClCompile Include="D:\pamm\src\expression_interpreter\operation.cpp">
      <Filter>Source Files</Filter>
    </ClCompile>
    <ClCompile Include="D:\pamm\src\expression_interpreter\postfix_interpreter.cpp">
      <Filter>Source Files</Filter>
    </ClCompile>
    <ClCompile Include="D:\pamm\src\expression_interpreter\program_interpreter.cpp">
      <Filter>Source Files</Filter>
    </ClCompile>
    <ClCompile Include="D:\pamm\src\lexer\lexer.cpp">
      <Filter>Source Files</Filter>
    </ClCompile>
    <ClCompile Include="D:\pamm\src\lexer\lexer_token.cpp">
      <Filter>Source Files</Filter>
    </ClCompile>
  </ItemGroup>
  <ItemGroup>
    <ClInclude Include="D:\pamm\include\data_values.h">
      <Filter>Header Files</Filter>
    </ClInclude>
    <ClInclude Include="D:\pamm\include\execution_driver.h">
      <Filter>Header Files</Filter>
    </ClInclude>
    <ClInclude Include="D:\pamm\include\execution_node.h">
      <Filter>Header Files</Filter>
    </ClInclude>
    <ClInclude Include="D:\pamm\include\expression_compiler\postfix_compiler.h">
      <Filter>Header Files</Filter>
    </ClInclude>
    <ClInclude Include="D:\pamm\include\expression_compiler\postfix_member.h">
      <Filter>Header Files</Filter>
    </ClInclude>
    <ClInclude Include="D:\pamm\include\expression_compiler\program_compiler.h">
      <Filter>Header Files</Filter>
    </ClInclude>
    <ClInclude Include="D:\pamm\include\expression_interpreter\execution_context.h">
      <Filter>Header Files</Filter>
    </ClInclude>
    <ClInclude Include="D:\pamm\include\expression_interpreter\operation.h">
      <Filter>Header Files</Filter>
    </ClInclude>
    <ClInclude Include="D:\pamm\include\expression_interpreter\postfix_interpreter.h">
      <Filter>Header Files</Filter>
    </ClInclude>
    <ClInclude Include="D:\pamm\include\expression_interpreter\program_interpreter.h">
      <Filter>Header Files</Filter>
    </ClInclude>
    <ClInclude Include="D:\pamm\include\lexer\lexer.h">
      <Filter>Header Files</Filter>
    </ClInclude>
    <ClInclude Include="D:\pamm\include\lexer\lexer_token.h">
      <Filter>Header Files</Filter>
    </ClInclude>
    <ClInclude Include="D:\pamm\include\stack.h">
      <Filter>Header Files</Filter>
    </ClInclude>
    <ClInclude Include="D:\pamm\include\syntax_error.h">
      <Filter>Header Files</Filter>
    </ClInclude>
    <ClInclude Include="D:\pamm\include\table.h">
      <Filter>Header Files</Filter>
    </ClInclude>
  </ItemGroup>
  <ItemGroup>
    <CustomBuild Include="D:\pamm\src\CMakeLists.txt" />
  </ItemGroup>
  <ItemGroup>
    <Filter Include="Header Files">
      <UniqueIdentifier>{FE868F4D-0CF8-3260-8097-C5DEC6F842C9}</UniqueIdentifier>
    </Filter>
    <Filter Include="Source Files">
      <UniqueIdentifier>{8EC7A9A7-237F-36AF-AC8B-FA3529CE5136}</UniqueIdentifier>
    </Filter>
  </ItemGroup>
</Project>
