<?xml version="1.0" encoding="utf-8"?>
<Project ToolsVersion="17.0" xmlns="http://schemas.microsoft.com/developer/msbuild/2003">
  <ItemGroup>
    <ClCompile Include="D:\pamm\pamm_sln\app\app_pamm_autogen\mocs_compilation_Debug.cpp">
      <Filter>Source Files</Filter>
    </ClCompile>
    <ClCompile Include="D:\pamm\app\src\main.cpp">
      <Filter>Source Files</Filter>
    </ClCompile>
    <ClCompile Include="D:\pamm\pamm_sln\app\qrc_resources.cpp">
      <Filter>Source Files\Generated</Filter>
    </ClCompile>
    <ClCompile Include="D:\pamm\pamm_sln\app\app_pamm_autogen\mocs_compilation_Release.cpp">
      <Filter>Source Files</Filter>
    </ClCompile>
  </ItemGroup>
  <ItemGroup>
    <ClInclude Include="D:\pamm\include\data_values.h">
      <Filter>Header Files</Filter>
    </ClInclude>
    <ClInclude Include="D:\pamm\include\execution_driver.h">
      <Filter>Header Files</Filter>
    </ClInclude>
    <ClInclude Include="D:\pamm\include\execution_node.h">
      <Filter>Header Files</Filter>
    </ClInclude>
    <ClInclude Include="D:\pamm\include\expression_compiler\postfix_compiler.h">
      <Filter>Header Files</Filter>
    </ClInclude>
    <ClInclude Include="D:\pamm\include\expression_compiler\postfix_member.h">
      <Filter>Header Files</Filter>
    </ClInclude>
    <ClInclude Include="D:\pamm\include\expression_compiler\program_compiler.h">
      <Filter>Header Files</Filter>
    </ClInclude>
    <ClInclude Include="D:\pamm\include\expression_interpreter\execution_context.h">
      <Filter>Header Files</Filter>
    </ClInclude>
    <ClInclude Include="D:\pamm\include\expression_interpreter\operation.h">
      <Filter>Header Files</Filter>
    </ClInclude>
    <ClInclude Include="D:\pamm\include\expression_interpreter\postfix_interpreter.h">
      <Filter>Header Files</Filter>
    </ClInclude>
    <ClInclude Include="D:\pamm\include\expression_interpreter\program_interpreter.h">
      <Filter>Header Files</Filter>
    </ClInclude>
    <ClInclude Include="D:\pamm\include\lexer\lexer.h">
      <Filter>Header Files</Filter>
    </ClInclude>
    <ClInclude Include="D:\pamm\include\lexer\lexer_token.h">
      <Filter>Header Files</Filter>
    </ClInclude>
    <ClInclude Include="D:\pamm\include\stack.h">
      <Filter>Header Files</Filter>
    </ClInclude>
    <ClInclude Include="D:\pamm\include\syntax_error.h">
      <Filter>Header Files</Filter>
    </ClInclude>
    <ClInclude Include="D:\pamm\include\table.h">
      <Filter>Header Files</Filter>
    </ClInclude>
    <ClInclude Include="D:\pamm\pamm_sln\app\ui_info_widget.h">
      <Filter>Source Files\Generated</Filter>
    </ClInclude>
    <ClInclude Include="D:\pamm\pamm_sln\app\ui_main_window.h">
      <Filter>Source Files\Generated</Filter>
    </ClInclude>
  </ItemGroup>
  <ItemGroup>
    <CustomBuild Include="D:\pamm\app\ui\info_widget.ui" />
    <CustomBuild Include="D:\pamm\app\ui\main_window.ui" />
    <CustomBuild Include="D:\pamm\app\resources.qrc" />
    <CustomBuild Include="D:\pamm\app\CMakeLists.txt" />
  </ItemGroup>
  <ItemGroup>
    <Filter Include="Header Files">
      <UniqueIdentifier>{FE868F4D-0CF8-3260-8097-C5DEC6F842C9}</UniqueIdentifier>
    </Filter>
    <Filter Include="Source Files">
      <UniqueIdentifier>{8EC7A9A7-237F-36AF-AC8B-FA3529CE5136}</UniqueIdentifier>
    </Filter>
    <Filter Include="Source Files\Generated">
      <UniqueIdentifier>{61BA319B-EC18-33E6-A644-96C100B88941}</UniqueIdentifier>
    </Filter>
  </ItemGroup>
</Project>
